
Microsoft Visual Studio Solution File, Format Version 12.00
# Visual Studio Version 17
VisualStudioVersion = 17.6.33829.357
MinimumVisualStudioVersion = 10.0.40219.1
Project("{FAE04EC0-301F-11D3-BF4B-00C04F79EFBC}") = "BTokenWPF", "BTokenWPF.csproj", "{B6161043-E991-4F07-BF6D-2FAA4CB735A9}"
EndProject
Project("{2150E333-8FDC-42A3-9474-1A3956D46DE8}") = "Solution Items", "Solution Items", "{26F0318D-3D94-403B-ACD3-9E9A5A1AF041}"
	ProjectSection(SolutionItems) = preProject
		.editorconfig = .editorconfig
	EndProjectSection
EndProject
Global
	GlobalSection(SolutionConfigurationPlatforms) = preSolution
		Debug|Any CPU = Debug|Any CPU
		Release|Any CPU = Release|Any CPU
	EndGlobalSection
	GlobalSection(ProjectConfigurationPlatforms) = postSolution
		{B6161043-E991-4F07-BF6D-2FAA4CB735A9}.Debug|Any CPU.ActiveCfg = Debug|Any CPU
		{B6161043-E991-4F07-BF6D-2FAA4CB735A9}.Debug|Any CPU.Build.0 = Debug|Any CPU
		{B6161043-E991-4F07-BF6D-2FAA4CB735A9}.Release|Any CPU.ActiveCfg = Release|Any CPU
		{B6161043-E991-4F07-BF6D-2FAA4CB735A9}.Release|Any CPU.Build.0 = Release|Any CPU
	EndGlobalSection
	GlobalSection(SolutionProperties) = preSolution
		HideSolutionNode = FALSE
	EndGlobalSection
	GlobalSection(ExtensibilityGlobals) = postSolution
		SolutionGuid = {1641792B-5313-4C5C-9C94-79EA54C28B88}
	EndGlobalSection
EndGlobal
